<?xml version="1.0" encoding="utf-8"?>
<Project ToolsVersion="4.0" xmlns="http://schemas.microsoft.com/developer/msbuild/2003">
  <ItemGroup>
    <Filter Include="Fichiers sources">
      <UniqueIdentifier>{4FC737F1-C7A5-4376-A066-2A32D752A2FF}</UniqueIdentifier>
      <Extensions>cpp;c;cc;cxx;def;odl;idl;hpj;bat;asm;asmx</Extensions>
    </Filter>
    <Filter Include="Fichiers d%27en-tête">
      <UniqueIdentifier>{93995380-89BD-4b04-88EB-625FBE52EBFB}</UniqueIdentifier>
      <Extensions>h;hh;hpp;hxx;hm;inl;inc;ipp;xsd</Extensions>
    </Filter>
    <Filter Include="Fichiers de ressources">
      <UniqueIdentifier>{67DA6AB6-F800-4c08-8B7A-83BB121AAD01}</UniqueIdentifier>
      <Extensions>rc;ico;cur;bmp;dlg;rc2;rct;bin;rgs;gif;jpg;jpeg;jpe;resx;tiff;tif;png;wav;mfcribbon-ms</Extensions>
    </Filter>
  </ItemGroup>
  <ItemGroup>
    <ClInclude Include="mlx.h">
      <Filter>Fichiers d%27en-tête</Filter>
    </ClInclude>
    <ClInclude Include="not_mlx.h">
      <Filter>Fichiers d%27en-tête</Filter>
    </ClInclude>
    <ClInclude Include="nmlx.h">
      <Filter>Fichiers d%27en-tête</Filter>
    </ClInclude>
    <ClInclude Include="unofficial.h">
      <Filter>Fichiers d%27en-tête</Filter>
    </ClInclude>
    <ClInclude Include="X.h">
      <Filter>Fichiers d%27en-tête</Filter>
    </ClInclude>
    <ClInclude Include="src\minirt.h">
      <Filter>Fichiers d%27en-tête</Filter>
    </ClInclude>
  </ItemGroup>
  <ItemGroup>
    <ClCompile Include="nmlx\nmlx_destroy_img.c">
      <Filter>Fichiers sources</Filter>
    </ClCompile>
    <ClCompile Include="nmlx\nmlx_destroy_win.c">
      <Filter>Fichiers sources</Filter>
    </ClCompile>
    <ClCompile Include="nmlx\nmlx_do_key_repeat.c">
      <Filter>Fichiers sources</Filter>
    </ClCompile>
    <ClCompile Include="nmlx\nmlx_get_data_address.c">
      <Filter>Fichiers sources</Filter>
    </ClCompile>
    <ClCompile Include="nmlx\nmlx_hook.c">
      <Filter>Fichiers sources</Filter>
    </ClCompile>
    <ClCompile Include="nmlx\nmlx_init.c">
      <Filter>Fichiers sources</Filter>
    </ClCompile>
    <ClCompile Include="nmlx\nmlx_loop.c">
      <Filter>Fichiers sources</Filter>
    </ClCompile>
    <ClCompile Include="nmlx\nmlx_loop_hook.c">
      <Filter>Fichiers sources</Filter>
    </ClCompile>
    <ClCompile Include="nmlx\nmlx_loop_stop.c">
      <Filter>Fichiers sources</Filter>
    </ClCompile>
    <ClCompile Include="nmlx\nmlx_mouse.c">
      <Filter>Fichiers sources</Filter>
    </ClCompile>
    <ClCompile Include="nmlx\nmlx_new_img.c">
      <Filter>Fichiers sources</Filter>
    </ClCompile>
    <ClCompile Include="nmlx\nmlx_new_win.c">
      <Filter>Fichiers sources</Filter>
    </ClCompile>
    <ClCompile Include="nmlx\nmlx_put_image_to_window.c">
      <Filter>Fichiers sources</Filter>
    </ClCompile>
    <ClCompile Include="nmlx\nmlx_quit.c">
      <Filter>Fichiers sources</Filter>
    </ClCompile>
    <ClCompile Include="nmlx\nmlx_sdl_extension_stuff.c">
      <Filter>Fichiers sources</Filter>
    </ClCompile>
    <ClCompile Include="nmlx\nmlx_sdl_to_x.c">
      <Filter>Fichiers sources</Filter>
    </ClCompile>
    <ClCompile Include="nmlx\nmlx_smart_hook.c">
      <Filter>Fichiers sources</Filter>
    </ClCompile>
    <ClCompile Include="src\antialiasing.c">
      <Filter>Fichiers sources</Filter>
    </ClCompile>
    <ClCompile Include="src\binds1.c">
      <Filter>Fichiers sources</Filter>
    </ClCompile>
    <ClCompile Include="src\binds2.c">
      <Filter>Fichiers sources</Filter>
    </ClCompile>
    <ClCompile Include="src\bmp.c">
      <Filter>Fichiers sources</Filter>
    </ClCompile>
    <ClCompile Include="src\chng.c">
      <Filter>Fichiers sources</Filter>
    </ClCompile>
    <ClCompile Include="src\colors_utils.c">
      <Filter>Fichiers sources</Filter>
    </ClCompile>
    <ClCompile Include="src\colors_utils2.c">
      <Filter>Fichiers sources</Filter>
    </ClCompile>
    <ClCompile Include="src\core_funcs.c">
      <Filter>Fichiers sources</Filter>
    </ClCompile>
    <ClCompile Include="src\fill_it.c">
      <Filter>Fichiers sources</Filter>
    </ClCompile>
    <ClCompile Include="src\intercy.c">
      <Filter>Fichiers sources</Filter>
    </ClCompile>
    <ClCompile Include="src\interpl.c">
      <Filter>Fichiers sources</Filter>
    </ClCompile>
    <ClCompile Include="src\intersp.c">
      <Filter>Fichiers sources</Filter>
    </ClCompile>
    <ClCompile Include="src\intersq.c">
      <Filter>Fichiers sources</Filter>
    </ClCompile>
    <ClCompile Include="src\intertr.c">
      <Filter>Fichiers sources</Filter>
    </ClCompile>
    <ClCompile Include="src\parse_gets1.c">
      <Filter>Fichiers sources</Filter>
    </ClCompile>
    <ClCompile Include="src\parse_gets2.c">
      <Filter>Fichiers sources</Filter>
    </ClCompile>
    <ClCompile Include="src\parse_gets3.c">
      <Filter>Fichiers sources</Filter>
    </ClCompile>
    <ClCompile Include="src\parse_utils.c">
      <Filter>Fichiers sources</Filter>
    </ClCompile>
    <ClCompile Include="src\parser.c">
      <Filter>Fichiers sources</Filter>
    </ClCompile>
    <ClCompile Include="src\raytracing_utils.c">
      <Filter>Fichiers sources</Filter>
    </ClCompile>
    <ClCompile Include="src\stereo.c">
      <Filter>Fichiers sources</Filter>
    </ClCompile>
    <ClCompile Include="src\stretch.c">
      <Filter>Fichiers sources</Filter>
    </ClCompile>
    <ClCompile Include="src\vec_utils1.c">
      <Filter>Fichiers sources</Filter>
    </ClCompile>
    <ClCompile Include="src\vec_utils2.c">
      <Filter>Fichiers sources</Filter>
    </ClCompile>
    <ClCompile Include="src\vec_utils3.c">
      <Filter>Fichiers sources</Filter>
    </ClCompile>
    <ClCompile Include="src\vec_utils4.c">
      <Filter>Fichiers sources</Filter>
    </ClCompile>
    <ClCompile Include="main.c">
      <Filter>Fichiers sources</Filter>
    </ClCompile>
  </ItemGroup>
</Project>